// !$*UTF8*$!
{
	archiveVersion = 1;
	classes = {
	};
	objectVersion = 55;
	objects = {

/* Begin PBXBuildFile section */
		0FCD0D6D0306C69660E6CC57 /* Pods_FlixAppTests.framework in Frameworks */ = {isa = PBXBuildFile; fileRef = 8F8F611CE41EA1DBD0B350FB /* Pods_FlixAppTests.framework */; };
		21AA17BD27CD6DF40043A366 /* AppDelegate.swift in Sources */ = {isa = PBXBuildFile; fileRef = 21AA17BC27CD6DF40043A366 /* AppDelegate.swift */; };
		21AA17BF27CD6DF40043A366 /* SceneDelegate.swift in Sources */ = {isa = PBXBuildFile; fileRef = 21AA17BE27CD6DF40043A366 /* SceneDelegate.swift */; };
		21AA17C127CD6DF40043A366 /* ViewController.swift in Sources */ = {isa = PBXBuildFile; fileRef = 21AA17C027CD6DF40043A366 /* ViewController.swift */; };
		21AA17C427CD6DF40043A366 /* Main.storyboard in Resources */ = {isa = PBXBuildFile; fileRef = 21AA17C227CD6DF40043A366 /* Main.storyboard */; };
		21AA17C627CD6DF60043A366 /* Assets.xcassets in Resources */ = {isa = PBXBuildFile; fileRef = 21AA17C527CD6DF60043A366 /* Assets.xcassets */; };
		21AA17C927CD6DF60043A366 /* LaunchScreen.storyboard in Resources */ = {isa = PBXBuildFile; fileRef = 21AA17C727CD6DF60043A366 /* LaunchScreen.storyboard */; };
		21AA17D427CD6DF60043A366 /* FlixAppTests.swift in Sources */ = {isa = PBXBuildFile; fileRef = 21AA17D327CD6DF60043A366 /* FlixAppTests.swift */; };
		21AA17DE27CD6DF60043A366 /* FlixAppUITests.swift in Sources */ = {isa = PBXBuildFile; fileRef = 21AA17DD27CD6DF60043A366 /* FlixAppUITests.swift */; };
		21AA17E027CD6DF60043A366 /* FlixAppUITestsLaunchTests.swift in Sources */ = {isa = PBXBuildFile; fileRef = 21AA17DF27CD6DF60043A366 /* FlixAppUITestsLaunchTests.swift */; };
		21AA17ED27CD762F0043A366 /* MovieCell.swift in Sources */ = {isa = PBXBuildFile; fileRef = 21AA17EC27CD762E0043A366 /* MovieCell.swift */; };
		21AA17F027CD7AB20043A366 /* AlamofireImage in Frameworks */ = {isa = PBXBuildFile; productRef = 21AA17EF27CD7AB20043A366 /* AlamofireImage */; };
		7EA678EA787C397AF596F742 /* Pods_FlixApp_FlixAppUITests.framework in Frameworks */ = {isa = PBXBuildFile; fileRef = 2EA7AC0AAA41961C2C1571B5 /* Pods_FlixApp_FlixAppUITests.framework */; };
		B83851F3F5DA6C11214F4AD4 /* Pods_FlixApp.framework in Frameworks */ = {isa = PBXBuildFile; fileRef = C02DD85A70FAD12489CCDDEE /* Pods_FlixApp.framework */; };
/* End PBXBuildFile section */

/* Begin PBXContainerItemProxy section */
		21AA17D027CD6DF60043A366 /* PBXContainerItemProxy */ = {
			isa = PBXContainerItemProxy;
			containerPortal = 21AA17B127CD6DF40043A366 /* Project object */;
			proxyType = 1;
			remoteGlobalIDString = 21AA17B827CD6DF40043A366;
			remoteInfo = FlixApp;
		};
		21AA17DA27CD6DF60043A366 /* PBXContainerItemProxy */ = {
			isa = PBXContainerItemProxy;
			containerPortal = 21AA17B127CD6DF40043A366 /* Project object */;
			proxyType = 1;
			remoteGlobalIDString = 21AA17B827CD6DF40043A366;
			remoteInfo = FlixApp;
		};
/* End PBXContainerItemProxy section */

/* Begin PBXFileReference section */
		0694DFD36BF310050C336041 /* Pods-FlixAppTests.release.xcconfig */ = {isa = PBXFileReference; includeInIndex = 1; lastKnownFileType = text.xcconfig; name = "Pods-FlixAppTests.release.xcconfig"; path = "Target Support Files/Pods-FlixAppTests/Pods-FlixAppTests.release.xcconfig"; sourceTree = "<group>"; };
		188C6E84EC1B16A4F84A02B3 /* Pods-FlixApp-FlixAppUITests.debug.xcconfig */ = {isa = PBXFileReference; includeInIndex = 1; lastKnownFileType = text.xcconfig; name = "Pods-FlixApp-FlixAppUITests.debug.xcconfig"; path = "Target Support Files/Pods-FlixApp-FlixAppUITests/Pods-FlixApp-FlixAppUITests.debug.xcconfig"; sourceTree = "<group>"; };
		21AA17B927CD6DF40043A366 /* FlixApp.app */ = {isa = PBXFileReference; explicitFileType = wrapper.application; includeInIndex = 0; path = FlixApp.app; sourceTree = BUILT_PRODUCTS_DIR; };
		21AA17BC27CD6DF40043A366 /* AppDelegate.swift */ = {isa = PBXFileReference; lastKnownFileType = sourcecode.swift; path = AppDelegate.swift; sourceTree = "<group>"; };
		21AA17BE27CD6DF40043A366 /* SceneDelegate.swift */ = {isa = PBXFileReference; lastKnownFileType = sourcecode.swift; path = SceneDelegate.swift; sourceTree = "<group>"; };
		21AA17C027CD6DF40043A366 /* ViewController.swift */ = {isa = PBXFileReference; lastKnownFileType = sourcecode.swift; path = ViewController.swift; sourceTree = "<group>"; };
		21AA17C327CD6DF40043A366 /* Base */ = {isa = PBXFileReference; lastKnownFileType = file.storyboard; name = Base; path = Base.lproj/Main.storyboard; sourceTree = "<group>"; };
		21AA17C527CD6DF60043A366 /* Assets.xcassets */ = {isa = PBXFileReference; lastKnownFileType = folder.assetcatalog; path = Assets.xcassets; sourceTree = "<group>"; };
		21AA17C827CD6DF60043A366 /* Base */ = {isa = PBXFileReference; lastKnownFileType = file.storyboard; name = Base; path = Base.lproj/LaunchScreen.storyboard; sourceTree = "<group>"; };
		21AA17CA27CD6DF60043A366 /* Info.plist */ = {isa = PBXFileReference; lastKnownFileType = text.plist.xml; path = Info.plist; sourceTree = "<group>"; };
		21AA17CF27CD6DF60043A366 /* FlixAppTests.xctest */ = {isa = PBXFileReference; explicitFileType = wrapper.cfbundle; includeInIndex = 0; path = FlixAppTests.xctest; sourceTree = BUILT_PRODUCTS_DIR; };
		21AA17D327CD6DF60043A366 /* FlixAppTests.swift */ = {isa = PBXFileReference; lastKnownFileType = sourcecode.swift; path = FlixAppTests.swift; sourceTree = "<group>"; };
		21AA17D927CD6DF60043A366 /* FlixAppUITests.xctest */ = {isa = PBXFileReference; explicitFileType = wrapper.cfbundle; includeInIndex = 0; path = FlixAppUITests.xctest; sourceTree = BUILT_PRODUCTS_DIR; };
		21AA17DD27CD6DF60043A366 /* FlixAppUITests.swift */ = {isa = PBXFileReference; lastKnownFileType = sourcecode.swift; path = FlixAppUITests.swift; sourceTree = "<group>"; };
		21AA17DF27CD6DF60043A366 /* FlixAppUITestsLaunchTests.swift */ = {isa = PBXFileReference; lastKnownFileType = sourcecode.swift; path = FlixAppUITestsLaunchTests.swift; sourceTree = "<group>"; };
		21AA17EC27CD762E0043A366 /* MovieCell.swift */ = {isa = PBXFileReference; lastKnownFileType = sourcecode.swift; path = MovieCell.swift; sourceTree = "<group>"; };
		2EA7AC0AAA41961C2C1571B5 /* Pods_FlixApp_FlixAppUITests.framework */ = {isa = PBXFileReference; explicitFileType = wrapper.framework; includeInIndex = 0; path = Pods_FlixApp_FlixAppUITests.framework; sourceTree = BUILT_PRODUCTS_DIR; };
		34EFB89951C915A15DA59AE5 /* Pods-FlixApp-FlixAppUITests.release.xcconfig */ = {isa = PBXFileReference; includeInIndex = 1; lastKnownFileType = text.xcconfig; name = "Pods-FlixApp-FlixAppUITests.release.xcconfig"; path = "Target Support Files/Pods-FlixApp-FlixAppUITests/Pods-FlixApp-FlixAppUITests.release.xcconfig"; sourceTree = "<group>"; };
		418BD6AE5F835FF6B0268A64 /* Pods-FlixAppTests.debug.xcconfig */ = {isa = PBXFileReference; includeInIndex = 1; lastKnownFileType = text.xcconfig; name = "Pods-FlixAppTests.debug.xcconfig"; path = "Target Support Files/Pods-FlixAppTests/Pods-FlixAppTests.debug.xcconfig"; sourceTree = "<group>"; };
		5483CC42E91A536B0EAD927F /* Pods-FlixApp.release.xcconfig */ = {isa = PBXFileReference; includeInIndex = 1; lastKnownFileType = text.xcconfig; name = "Pods-FlixApp.release.xcconfig"; path = "Target Support Files/Pods-FlixApp/Pods-FlixApp.release.xcconfig"; sourceTree = "<group>"; };
		8F8F611CE41EA1DBD0B350FB /* Pods_FlixAppTests.framework */ = {isa = PBXFileReference; explicitFileType = wrapper.framework; includeInIndex = 0; path = Pods_FlixAppTests.framework; sourceTree = BUILT_PRODUCTS_DIR; };
		90BAEBD069CB02CFD426C3B6 /* Pods-FlixApp.debug.xcconfig */ = {isa = PBXFileReference; includeInIndex = 1; lastKnownFileType = text.xcconfig; name = "Pods-FlixApp.debug.xcconfig"; path = "Target Support Files/Pods-FlixApp/Pods-FlixApp.debug.xcconfig"; sourceTree = "<group>"; };
		C02DD85A70FAD12489CCDDEE /* Pods_FlixApp.framework */ = {isa = PBXFileReference; explicitFileType = wrapper.framework; includeInIndex = 0; path = Pods_FlixApp.framework; sourceTree = BUILT_PRODUCTS_DIR; };
/* End PBXFileReference section */

/* Begin PBXFrameworksBuildPhase section */
		21AA17B627CD6DF40043A366 /* Frameworks */ = {
			isa = PBXFrameworksBuildPhase;
			buildActionMask = 2147483647;
			files = (
				21AA17F027CD7AB20043A366 /* AlamofireImage in Frameworks */,
				B83851F3F5DA6C11214F4AD4 /* Pods_FlixApp.framework in Frameworks */,
			);
			runOnlyForDeploymentPostprocessing = 0;
		};
		21AA17CC27CD6DF60043A366 /* Frameworks */ = {
			isa = PBXFrameworksBuildPhase;
			buildActionMask = 2147483647;
			files = (
				0FCD0D6D0306C69660E6CC57 /* Pods_FlixAppTests.framework in Frameworks */,
			);
			runOnlyForDeploymentPostprocessing = 0;
		};
		21AA17D627CD6DF60043A366 /* Frameworks */ = {
			isa = PBXFrameworksBuildPhase;
			buildActionMask = 2147483647;
			files = (
				7EA678EA787C397AF596F742 /* Pods_FlixApp_FlixAppUITests.framework in Frameworks */,
			);
			runOnlyForDeploymentPostprocessing = 0;
		};
/* End PBXFrameworksBuildPhase section */

/* Begin PBXGroup section */
		21AA17B027CD6DF40043A366 = {
			isa = PBXGroup;
			children = (
				21AA17BB27CD6DF40043A366 /* FlixApp */,
				21AA17D227CD6DF60043A366 /* FlixAppTests */,
				21AA17DC27CD6DF60043A366 /* FlixAppUITests */,
				21AA17BA27CD6DF40043A366 /* Products */,
				4567C79ADF9745480375714C /* Pods */,
				BCA5550AC86BFDEFB3DDA0DB /* Frameworks */,
			);
			sourceTree = "<group>";
		};
		21AA17BA27CD6DF40043A366 /* Products */ = {
			isa = PBXGroup;
			children = (
				21AA17B927CD6DF40043A366 /* FlixApp.app */,
				21AA17CF27CD6DF60043A366 /* FlixAppTests.xctest */,
				21AA17D927CD6DF60043A366 /* FlixAppUITests.xctest */,
			);
			name = Products;
			sourceTree = "<group>";
		};
		21AA17BB27CD6DF40043A366 /* FlixApp */ = {
			isa = PBXGroup;
			children = (
				21AA17BC27CD6DF40043A366 /* AppDelegate.swift */,
				21AA17BE27CD6DF40043A366 /* SceneDelegate.swift */,
				21AA17C027CD6DF40043A366 /* ViewController.swift */,
				21AA17C227CD6DF40043A366 /* Main.storyboard */,
				21AA17EC27CD762E0043A366 /* MovieCell.swift */,
				21AA17C527CD6DF60043A366 /* Assets.xcassets */,
				21AA17C727CD6DF60043A366 /* LaunchScreen.storyboard */,
				21AA17CA27CD6DF60043A366 /* Info.plist */,
			);
			path = FlixApp;
			sourceTree = "<group>";
		};
		21AA17D227CD6DF60043A366 /* FlixAppTests */ = {
			isa = PBXGroup;
			children = (
				21AA17D327CD6DF60043A366 /* FlixAppTests.swift */,
			);
			path = FlixAppTests;
			sourceTree = "<group>";
		};
		21AA17DC27CD6DF60043A366 /* FlixAppUITests */ = {
			isa = PBXGroup;
			children = (
				21AA17DD27CD6DF60043A366 /* FlixAppUITests.swift */,
				21AA17DF27CD6DF60043A366 /* FlixAppUITestsLaunchTests.swift */,
			);
			path = FlixAppUITests;
			sourceTree = "<group>";
		};
		4567C79ADF9745480375714C /* Pods */ = {
			isa = PBXGroup;
			children = (
				90BAEBD069CB02CFD426C3B6 /* Pods-FlixApp.debug.xcconfig */,
				5483CC42E91A536B0EAD927F /* Pods-FlixApp.release.xcconfig */,
				188C6E84EC1B16A4F84A02B3 /* Pods-FlixApp-FlixAppUITests.debug.xcconfig */,
				34EFB89951C915A15DA59AE5 /* Pods-FlixApp-FlixAppUITests.release.xcconfig */,
				418BD6AE5F835FF6B0268A64 /* Pods-FlixAppTests.debug.xcconfig */,
				0694DFD36BF310050C336041 /* Pods-FlixAppTests.release.xcconfig */,
			);
			name = Pods;
			path = Pods;
			sourceTree = "<group>";
		};
		BCA5550AC86BFDEFB3DDA0DB /* Frameworks */ = {
			isa = PBXGroup;
			children = (
				C02DD85A70FAD12489CCDDEE /* Pods_FlixApp.framework */,
				2EA7AC0AAA41961C2C1571B5 /* Pods_FlixApp_FlixAppUITests.framework */,
				8F8F611CE41EA1DBD0B350FB /* Pods_FlixAppTests.framework */,
			);
			name = Frameworks;
			sourceTree = "<group>";
		};
/* End PBXGroup section */

/* Begin PBXNativeTarget section */
		21AA17B827CD6DF40043A366 /* FlixApp */ = {
			isa = PBXNativeTarget;
			buildConfigurationList = 21AA17E327CD6DF60043A366 /* Build configuration list for PBXNativeTarget "FlixApp" */;
			buildPhases = (
				2EA409FD6DBB5B0AFCEE0963 /* [CP] Check Pods Manifest.lock */,
				21AA17B527CD6DF40043A366 /* Sources */,
				21AA17B627CD6DF40043A366 /* Frameworks */,
				21AA17B727CD6DF40043A366 /* Resources */,
				4D566E7DC4DDCAA4C817402F /* [CP] Embed Pods Frameworks */,
			);
			buildRules = (
			);
			dependencies = (
			);
			name = FlixApp;
			packageProductDependencies = (
				21AA17EF27CD7AB20043A366 /* AlamofireImage */,
			);
			productName = FlixApp;
			productReference = 21AA17B927CD6DF40043A366 /* FlixApp.app */;
			productType = "com.apple.product-type.application";
		};
		21AA17CE27CD6DF60043A366 /* FlixAppTests */ = {
			isa = PBXNativeTarget;
			buildConfigurationList = 21AA17E627CD6DF60043A366 /* Build configuration list for PBXNativeTarget "FlixAppTests" */;
			buildPhases = (
				E74A3E5EF88092CF148F4C2A /* [CP] Check Pods Manifest.lock */,
				21AA17CB27CD6DF60043A366 /* Sources */,
				21AA17CC27CD6DF60043A366 /* Frameworks */,
				21AA17CD27CD6DF60043A366 /* Resources */,
			);
			buildRules = (
			);
			dependencies = (
				21AA17D127CD6DF60043A366 /* PBXTargetDependency */,
			);
			name = FlixAppTests;
			productName = FlixAppTests;
			productReference = 21AA17CF27CD6DF60043A366 /* FlixAppTests.xctest */;
			productType = "com.apple.product-type.bundle.unit-test";
		};
		21AA17D827CD6DF60043A366 /* FlixAppUITests */ = {
			isa = PBXNativeTarget;
			buildConfigurationList = 21AA17E927CD6DF60043A366 /* Build configuration list for PBXNativeTarget "FlixAppUITests" */;
			buildPhases = (
				3D6D803DB7CE0D1666756CEF /* [CP] Check Pods Manifest.lock */,
				21AA17D527CD6DF60043A366 /* Sources */,
				21AA17D627CD6DF60043A366 /* Frameworks */,
				21AA17D727CD6DF60043A366 /* Resources */,
				F979F83D34F363498D920C4A /* [CP] Embed Pods Frameworks */,
			);
			buildRules = (
			);
			dependencies = (
				21AA17DB27CD6DF60043A366 /* PBXTargetDependency */,
			);
			name = FlixAppUITests;
			productName = FlixAppUITests;
			productReference = 21AA17D927CD6DF60043A366 /* FlixAppUITests.xctest */;
			productType = "com.apple.product-type.bundle.ui-testing";
		};
/* End PBXNativeTarget section */

/* Begin PBXProject section */
		21AA17B127CD6DF40043A366 /* Project object */ = {
			isa = PBXProject;
			attributes = {
				BuildIndependentTargetsInParallel = 1;
				LastSwiftUpdateCheck = 1310;
				LastUpgradeCheck = 1310;
				TargetAttributes = {
					21AA17B827CD6DF40043A366 = {
						CreatedOnToolsVersion = 13.1;
					};
					21AA17CE27CD6DF60043A366 = {
						CreatedOnToolsVersion = 13.1;
						TestTargetID = 21AA17B827CD6DF40043A366;
					};
					21AA17D827CD6DF60043A366 = {
						CreatedOnToolsVersion = 13.1;
						TestTargetID = 21AA17B827CD6DF40043A366;
					};
				};
			};
			buildConfigurationList = 21AA17B427CD6DF40043A366 /* Build configuration list for PBXProject "FlixApp" */;
			compatibilityVersion = "Xcode 13.0";
			developmentRegion = en;
			hasScannedForEncodings = 0;
			knownRegions = (
				en,
				Base,
			);
			mainGroup = 21AA17B027CD6DF40043A366;
			packageReferences = (
				21AA17EE27CD7AB20043A366 /* XCRemoteSwiftPackageReference "AlamofireImage" */,
			);
			productRefGroup = 21AA17BA27CD6DF40043A366 /* Products */;
			projectDirPath = "";
			projectRoot = "";
			targets = (
				21AA17B827CD6DF40043A366 /* FlixApp */,
				21AA17CE27CD6DF60043A366 /* FlixAppTests */,
				21AA17D827CD6DF60043A366 /* FlixAppUITests */,
			);
		};
/* End PBXProject section */

/* Begin PBXResourcesBuildPhase section */
		21AA17B727CD6DF40043A366 /* Resources */ = {
			isa = PBXResourcesBuildPhase;
			buildActionMask = 2147483647;
			files = (
				21AA17C927CD6DF60043A366 /* LaunchScreen.storyboard in Resources */,
				21AA17C627CD6DF60043A366 /* Assets.xcassets in Resources */,
				21AA17C427CD6DF40043A366 /* Main.storyboard in Resources */,
			);
			runOnlyForDeploymentPostprocessing = 0;
		};
		21AA17CD27CD6DF60043A366 /* Resources */ = {
			isa = PBXResourcesBuildPhase;
			buildActionMask = 2147483647;
			files = (
			);
			runOnlyForDeploymentPostprocessing = 0;
		};
		21AA17D727CD6DF60043A366 /* Resources */ = {
			isa = PBXResourcesBuildPhase;
			buildActionMask = 2147483647;
			files = (
			);
			runOnlyForDeploymentPostprocessing = 0;
		};
/* End PBXResourcesBuildPhase section */

/* Begin PBXShellScriptBuildPhase section */
		2EA409FD6DBB5B0AFCEE0963 /* [CP] Check Pods Manifest.lock */ = {
			isa = PBXShellScriptBuildPhase;
			buildActionMask = 2147483647;
			files = (
			);
			inputFileListPaths = (
			);
			inputPaths = (
				"${PODS_PODFILE_DIR_PATH}/Podfile.lock",
				"${PODS_ROOT}/Manifest.lock",
			);
			name = "[CP] Check Pods Manifest.lock";
			outputFileListPaths = (
			);
			outputPaths = (
				"$(DERIVED_FILE_DIR)/Pods-FlixApp-checkManifestLockResult.txt",
			);
			runOnlyForDeploymentPostprocessing = 0;
			shellPath = /bin/sh;
			shellScript = "diff \"${PODS_PODFILE_DIR_PATH}/Podfile.lock\" \"${PODS_ROOT}/Manifest.lock\" > /dev/null\nif [ $? != 0 ] ; then\n    # print error to STDERR\n    echo \"error: The sandbox is not in sync with the Podfile.lock. Run 'pod install' or update your CocoaPods installation.\" >&2\n    exit 1\nfi\n# This output is used by Xcode 'outputs' to avoid re-running this script phase.\necho \"SUCCESS\" > \"${SCRIPT_OUTPUT_FILE_0}\"\n";
			showEnvVarsInLog = 0;
		};
		3D6D803DB7CE0D1666756CEF /* [CP] Check Pods Manifest.lock */ = {
			isa = PBXShellScriptBuildPhase;
			buildActionMask = 2147483647;
			files = (
			);
			inputFileListPaths = (
			);
			inputPaths = (
				"${PODS_PODFILE_DIR_PATH}/Podfile.lock",
				"${PODS_ROOT}/Manifest.lock",
			);
			name = "[CP] Check Pods Manifest.lock";
			outputFileListPaths = (
			);
			outputPaths = (
				"$(DERIVED_FILE_DIR)/Pods-FlixApp-FlixAppUITests-checkManifestLockResult.txt",
			);
			runOnlyForDeploymentPostprocessing = 0;
			shellPath = /bin/sh;
			shellScript = "diff \"${PODS_PODFILE_DIR_PATH}/Podfile.lock\" \"${PODS_ROOT}/Manifest.lock\" > /dev/null\nif [ $? != 0 ] ; then\n    # print error to STDERR\n    echo \"error: The sandbox is not in sync with the Podfile.lock. Run 'pod install' or update your CocoaPods installation.\" >&2\n    exit 1\nfi\n# This output is used by Xcode 'outputs' to avoid re-running this script phase.\necho \"SUCCESS\" > \"${SCRIPT_OUTPUT_FILE_0}\"\n";
			showEnvVarsInLog = 0;
		};
		4D566E7DC4DDCAA4C817402F /* [CP] Embed Pods Frameworks */ = {
			isa = PBXShellScriptBuildPhase;
			buildActionMask = 2147483647;
			files = (
			);
			inputFileListPaths = (
				"${PODS_ROOT}/Target Support Files/Pods-FlixApp/Pods-FlixApp-frameworks-${CONFIGURATION}-input-files.xcfilelist",
			);
			name = "[CP] Embed Pods Frameworks";
			outputFileListPaths = (
				"${PODS_ROOT}/Target Support Files/Pods-FlixApp/Pods-FlixApp-frameworks-${CONFIGURATION}-output-files.xcfilelist",
			);
			runOnlyForDeploymentPostprocessing = 0;
			shellPath = /bin/sh;
			shellScript = "\"${PODS_ROOT}/Target Support Files/Pods-FlixApp/Pods-FlixApp-frameworks.sh\"\n";
			showEnvVarsInLog = 0;
		};
		E74A3E5EF88092CF148F4C2A /* [CP] Check Pods Manifest.lock */ = {
			isa = PBXShellScriptBuildPhase;
			buildActionMask = 2147483647;
			files = (
			);
			inputFileListPaths = (
			);
			inputPaths = (
				"${PODS_PODFILE_DIR_PATH}/Podfile.lock",
				"${PODS_ROOT}/Manifest.lock",
			);
			name = "[CP] Check Pods Manifest.lock";
			outputFileListPaths = (
			);
			outputPaths = (
				"$(DERIVED_FILE_DIR)/Pods-FlixAppTests-checkManifestLockResult.txt",
			);
			runOnlyForDeploymentPostprocessing = 0;
			shellPath = /bin/sh;
			shellScript = "diff \"${PODS_PODFILE_DIR_PATH}/Podfile.lock\" \"${PODS_ROOT}/Manifest.lock\" > /dev/null\nif [ $? != 0 ] ; then\n    # print error to STDERR\n    echo \"error: The sandbox is not in sync with the Podfile.lock. Run 'pod install' or update your CocoaPods installation.\" >&2\n    exit 1\nfi\n# This output is used by Xcode 'outputs' to avoid re-running this script phase.\necho \"SUCCESS\" > \"${SCRIPT_OUTPUT_FILE_0}\"\n";
			showEnvVarsInLog = 0;
		};
		F979F83D34F363498D920C4A /* [CP] Embed Pods Frameworks */ = {
			isa = PBXShellScriptBuildPhase;
			buildActionMask = 2147483647;
			files = (
			);
			inputFileListPaths = (
				"${PODS_ROOT}/Target Support Files/Pods-FlixApp-FlixAppUITests/Pods-FlixApp-FlixAppUITests-frameworks-${CONFIGURATION}-input-files.xcfilelist",
			);
			name = "[CP] Embed Pods Frameworks";
			outputFileListPaths = (
				"${PODS_ROOT}/Target Support Files/Pods-FlixApp-FlixAppUITests/Pods-FlixApp-FlixAppUITests-frameworks-${CONFIGURATION}-output-files.xcfilelist",
			);
			runOnlyForDeploymentPostprocessing = 0;
			shellPath = /bin/sh;
			shellScript = "\"${PODS_ROOT}/Target Support Files/Pods-FlixApp-FlixAppUITests/Pods-FlixApp-FlixAppUITests-frameworks.sh\"\n";
			showEnvVarsInLog = 0;
		};
/* End PBXShellScriptBuildPhase section */

/* Begin PBXSourcesBuildPhase section */
		21AA17B527CD6DF40043A366 /* Sources */ = {
			isa = PBXSourcesBuildPhase;
			buildActionMask = 2147483647;
			files = (
				21AA17C127CD6DF40043A366 /* ViewController.swift in Sources */,
				21AA17BD27CD6DF40043A366 /* AppDelegate.swift in Sources */,
				21AA17ED27CD762F0043A366 /* MovieCell.swift in Sources */,
				21AA17BF27CD6DF40043A366 /* SceneDelegate.swift in Sources */,
			);
			runOnlyForDeploymentPostprocessing = 0;
		};
		21AA17CB27CD6DF60043A366 /* Sources */ = {
			isa = PBXSourcesBuildPhase;
			buildActionMask = 2147483647;
			files = (
				21AA17D427CD6DF60043A366 /* FlixAppTests.swift in Sources */,
			);
			runOnlyForDeploymentPostprocessing = 0;
		};
		21AA17D527CD6DF60043A366 /* Sources */ = {
			isa = PBXSourcesBuildPhase;
			buildActionMask = 2147483647;
			files = (
				21AA17DE27CD6DF60043A366 /* FlixAppUITests.swift in Sources */,
				21AA17E027CD6DF60043A366 /* FlixAppUITestsLaunchTests.swift in Sources */,
			);
			runOnlyForDeploymentPostprocessing = 0;
		};
/* End PBXSourcesBuildPhase section */

/* Begin PBXTargetDependency section */
		21AA17D127CD6DF60043A366 /* PBXTargetDependency */ = {
			isa = PBXTargetDependency;
			target = 21AA17B827CD6DF40043A366 /* FlixApp */;
			targetProxy = 21AA17D027CD6DF60043A366 /* PBXContainerItemProxy */;
		};
		21AA17DB27CD6DF60043A366 /* PBXTargetDependency */ = {
			isa = PBXTargetDependency;
			target = 21AA17B827CD6DF40043A366 /* FlixApp */;
			targetProxy = 21AA17DA27CD6DF60043A366 /* PBXContainerItemProxy */;
		};
/* End PBXTargetDependency section */

/* Begin PBXVariantGroup section */
		21AA17C227CD6DF40043A366 /* Main.storyboard */ = {
			isa = PBXVariantGroup;
			children = (
				21AA17C327CD6DF40043A366 /* Base */,
			);
			name = Main.storyboard;
			sourceTree = "<group>";
		};
		21AA17C727CD6DF60043A366 /* LaunchScreen.storyboard */ = {
			isa = PBXVariantGroup;
			children = (
				21AA17C827CD6DF60043A366 /* Base */,
			);
			name = LaunchScreen.storyboard;
			sourceTree = "<group>";
		};
/* End PBXVariantGroup section */

/* Begin XCBuildConfiguration section */
		21AA17E127CD6DF60043A366 /* Debug */ = {
			isa = XCBuildConfiguration;
			buildSettings = {
				ALWAYS_SEARCH_USER_PATHS = NO;
				CLANG_ANALYZER_NONNULL = YES;
				CLANG_ANALYZER_NUMBER_OBJECT_CONVERSION = YES_AGGRESSIVE;
				CLANG_CXX_LANGUAGE_STANDARD = "gnu++17";
				CLANG_CXX_LIBRARY = "libc++";
				CLANG_ENABLE_MODULES = YES;
				CLANG_ENABLE_OBJC_ARC = YES;
				CLANG_ENABLE_OBJC_WEAK = YES;
				CLANG_WARN_BLOCK_CAPTURE_AUTORELEASING = YES;
				CLANG_WARN_BOOL_CONVERSION = YES;
				CLANG_WARN_COMMA = YES;
				CLANG_WARN_CONSTANT_CONVERSION = YES;
				CLANG_WARN_DEPRECATED_OBJC_IMPLEMENTATIONS = YES;
				CLANG_WARN_DIRECT_OBJC_ISA_USAGE = YES_ERROR;
				CLANG_WARN_DOCUMENTATION_COMMENTS = YES;
				CLANG_WARN_EMPTY_BODY = YES;
				CLANG_WARN_ENUM_CONVERSION = YES;
				CLANG_WARN_INFINITE_RECURSION = YES;
				CLANG_WARN_INT_CONVERSION = YES;
				CLANG_WARN_NON_LITERAL_NULL_CONVERSION = YES;
				CLANG_WARN_OBJC_IMPLICIT_RETAIN_SELF = YES;
				CLANG_WARN_OBJC_LITERAL_CONVERSION = YES;
				CLANG_WARN_OBJC_ROOT_CLASS = YES_ERROR;
				CLANG_WARN_QUOTED_INCLUDE_IN_FRAMEWORK_HEADER = YES;
				CLANG_WARN_RANGE_LOOP_ANALYSIS = YES;
				CLANG_WARN_STRICT_PROTOTYPES = YES;
				CLANG_WARN_SUSPICIOUS_MOVE = YES;
				CLANG_WARN_UNGUARDED_AVAILABILITY = YES_AGGRESSIVE;
				CLANG_WARN_UNREACHABLE_CODE = YES;
				CLANG_WARN__DUPLICATE_METHOD_MATCH = YES;
				COPY_PHASE_STRIP = NO;
				DEBUG_INFORMATION_FORMAT = dwarf;
				ENABLE_STRICT_OBJC_MSGSEND = YES;
				ENABLE_TESTABILITY = YES;
				GCC_C_LANGUAGE_STANDARD = gnu11;
				GCC_DYNAMIC_NO_PIC = NO;
				GCC_NO_COMMON_BLOCKS = YES;
				GCC_OPTIMIZATION_LEVEL = 0;
				GCC_PREPROCESSOR_DEFINITIONS = (
					"DEBUG=1",
					"$(inherited)",
				);
				GCC_WARN_64_TO_32_BIT_CONVERSION = YES;
				GCC_WARN_ABOUT_RETURN_TYPE = YES_ERROR;
				GCC_WARN_UNDECLARED_SELECTOR = YES;
				GCC_WARN_UNINITIALIZED_AUTOS = YES_AGGRESSIVE;
				GCC_WARN_UNUSED_FUNCTION = YES;
				GCC_WARN_UNUSED_VARIABLE = YES;
				IPHONEOS_DEPLOYMENT_TARGET = 15.0;
				MTL_ENABLE_DEBUG_INFO = INCLUDE_SOURCE;
				MTL_FAST_MATH = YES;
				ONLY_ACTIVE_ARCH = YES;
				SDKROOT = iphoneos;
				SWIFT_ACTIVE_COMPILATION_CONDITIONS = DEBUG;
				SWIFT_OPTIMIZATION_LEVEL = "-Onone";
			};
			name = Debug;
		};
		21AA17E227CD6DF60043A366 /* Release */ = {
			isa = XCBuildConfiguration;
			buildSettings = {
				ALWAYS_SEARCH_USER_PATHS = NO;
				CLANG_ANALYZER_NONNULL = YES;
				CLANG_ANALYZER_NUMBER_OBJECT_CONVERSION = YES_AGGRESSIVE;
				CLANG_CXX_LANGUAGE_STANDARD = "gnu++17";
				CLANG_CXX_LIBRARY = "libc++";
				CLANG_ENABLE_MODULES = YES;
				CLANG_ENABLE_OBJC_ARC = YES;
				CLANG_ENABLE_OBJC_WEAK = YES;
				CLANG_WARN_BLOCK_CAPTURE_AUTORELEASING = YES;
				CLANG_WARN_BOOL_CONVERSION = YES;
				CLANG_WARN_COMMA = YES;
				CLANG_WARN_CONSTANT_CONVERSION = YES;
				CLANG_WARN_DEPRECATED_OBJC_IMPLEMENTATIONS = YES;
				CLANG_WARN_DIRECT_OBJC_ISA_USAGE = YES_ERROR;
				CLANG_WARN_DOCUMENTATION_COMMENTS = YES;
				CLANG_WARN_EMPTY_BODY = YES;
				CLANG_WARN_ENUM_CONVERSION = YES;
				CLANG_WARN_INFINITE_RECURSION = YES;
				CLANG_WARN_INT_CONVERSION = YES;
				CLANG_WARN_NON_LITERAL_NULL_CONVERSION = YES;
				CLANG_WARN_OBJC_IMPLICIT_RETAIN_SELF = YES;
				CLANG_WARN_OBJC_LITERAL_CONVERSION = YES;
				CLANG_WARN_OBJC_ROOT_CLASS = YES_ERROR;
				CLANG_WARN_QUOTED_INCLUDE_IN_FRAMEWORK_HEADER = YES;
				CLANG_WARN_RANGE_LOOP_ANALYSIS = YES;
				CLANG_WARN_STRICT_PROTOTYPES = YES;
				CLANG_WARN_SUSPICIOUS_MOVE = YES;
				CLANG_WARN_UNGUARDED_AVAILABILITY = YES_AGGRESSIVE;
				CLANG_WARN_UNREACHABLE_CODE = YES;
				CLANG_WARN__DUPLICATE_METHOD_MATCH = YES;
				COPY_PHASE_STRIP = NO;
				DEBUG_INFORMATION_FORMAT = "dwarf-with-dsym";
				ENABLE_NS_ASSERTIONS = NO;
				ENABLE_STRICT_OBJC_MSGSEND = YES;
				GCC_C_LANGUAGE_STANDARD = gnu11;
				GCC_NO_COMMON_BLOCKS = YES;
				GCC_WARN_64_TO_32_BIT_CONVERSION = YES;
				GCC_WARN_ABOUT_RETURN_TYPE = YES_ERROR;
				GCC_WARN_UNDECLARED_SELECTOR = YES;
				GCC_WARN_UNINITIALIZED_AUTOS = YES_AGGRESSIVE;
				GCC_WARN_UNUSED_FUNCTION = YES;
				GCC_WARN_UNUSED_VARIABLE = YES;
				IPHONEOS_DEPLOYMENT_TARGET = 15.0;
				MTL_ENABLE_DEBUG_INFO = NO;
				MTL_FAST_MATH = YES;
				SDKROOT = iphoneos;
				SWIFT_COMPILATION_MODE = wholemodule;
				SWIFT_OPTIMIZATION_LEVEL = "-O";
				VALIDATE_PRODUCT = YES;
			};
			name = Release;
		};
		21AA17E427CD6DF60043A366 /* Debug */ = {
			isa = XCBuildConfiguration;
			baseConfigurationReference = 90BAEBD069CB02CFD426C3B6 /* Pods-FlixApp.debug.xcconfig */;
			buildSettings = {
				ASSETCATALOG_COMPILER_APPICON_NAME = AppIcon;
				ASSETCATALOG_COMPILER_GLOBAL_ACCENT_COLOR_NAME = AccentColor;
				CODE_SIGN_STYLE = Automatic;
				CURRENT_PROJECT_VERSION = 1;
				DEVELOPMENT_TEAM = 439WUGS6KK;
				GENERATE_INFOPLIST_FILE = YES;
				INFOPLIST_FILE = FlixApp/Info.plist;
				INFOPLIST_KEY_UIApplicationSupportsIndirectInputEvents = YES;
				INFOPLIST_KEY_UILaunchStoryboardName = LaunchScreen;
				INFOPLIST_KEY_UIMainStoryboardFile = Main;
				INFOPLIST_KEY_UISupportedInterfaceOrientations_iPad = "UIInterfaceOrientationPortrait UIInterfaceOrientationPortraitUpsideDown UIInterfaceOrientationLandscapeLeft UIInterfaceOrientationLandscapeRight";
				INFOPLIST_KEY_UISupportedInterfaceOrientations_iPhone = "UIInterfaceOrientationPortrait UIInterfaceOrientationLandscapeLeft UIInterfaceOrientationLandscapeRight";
				LD_RUNPATH_SEARCH_PATHS = (
					"$(inherited)",
					"@executable_path/Frameworks",
				);
				MARKETING_VERSION = 1.0;
				PRODUCT_BUNDLE_IDENTIFIER = codepath.com.FlixApp;
				PRODUCT_NAME = "$(TARGET_NAME)";
				SWIFT_EMIT_LOC_STRINGS = YES;
				SWIFT_VERSION = 5.0;
				TARGETED_DEVICE_FAMILY = "1,2";
			};
			name = Debug;
		};
		21AA17E527CD6DF60043A366 /* Release */ = {
			isa = XCBuildConfiguration;
			baseConfigurationReference = 5483CC42E91A536B0EAD927F /* Pods-FlixApp.release.xcconfig */;
			buildSettings = {
				ASSETCATALOG_COMPILER_APPICON_NAME = AppIcon;
				ASSETCATALOG_COMPILER_GLOBAL_ACCENT_COLOR_NAME = AccentColor;
				CODE_SIGN_STYLE = Automatic;
				CURRENT_PROJECT_VERSION = 1;
				DEVELOPMENT_TEAM = 439WUGS6KK;
				GENERATE_INFOPLIST_FILE = YES;
				INFOPLIST_FILE = FlixApp/Info.plist;
				INFOPLIST_KEY_UIApplicationSupportsIndirectInputEvents = YES;
				INFOPLIST_KEY_UILaunchStoryboardName = LaunchScreen;
				INFOPLIST_KEY_UIMainStoryboardFile = Main;
				INFOPLIST_KEY_UISupportedInterfaceOrientations_iPad = "UIInterfaceOrientationPortrait UIInterfaceOrientationPortraitUpsideDown UIInterfaceOrientationLandscapeLeft UIInterfaceOrientationLandscapeRight";
				INFOPLIST_KEY_UISupportedInterfaceOrientations_iPhone = "UIInterfaceOrientationPortrait UIInterfaceOrientationLandscapeLeft UIInterfaceOrientationLandscapeRight";
				LD_RUNPATH_SEARCH_PATHS = (
					"$(inherited)",
					"@executable_path/Frameworks",
				);
				MARKETING_VERSION = 1.0;
				PRODUCT_BUNDLE_IDENTIFIER = codepath.com.FlixApp;
				PRODUCT_NAME = "$(TARGET_NAME)";
				SWIFT_EMIT_LOC_STRINGS = YES;
				SWIFT_VERSION = 5.0;
				TARGETED_DEVICE_FAMILY = "1,2";
			};
			name = Release;
		};
		21AA17E727CD6DF60043A366 /* Debug */ = {
			isa = XCBuildConfiguration;
			baseConfigurationReference = 418BD6AE5F835FF6B0268A64 /* Pods-FlixAppTests.debug.xcconfig */;
			buildSettings = {
				ALWAYS_EMBED_SWIFT_STANDARD_LIBRARIES = YES;
				BUNDLE_LOADER = "$(TEST_HOST)";
				CODE_SIGN_STYLE = Automatic;
				CURRENT_PROJECT_VERSION = 1;
				DEVELOPMENT_TEAM = 439WUGS6KK;
				GENERATE_INFOPLIST_FILE = YES;
				IPHONEOS_DEPLOYMENT_TARGET = 15.0;
				LD_RUNPATH_SEARCH_PATHS = (
					"$(inherited)",
					"@executable_path/Frameworks",
					"@loader_path/Frameworks",
				);
				MARKETING_VERSION = 1.0;
				PRODUCT_BUNDLE_IDENTIFIER = codepath.com.FlixAppTests;
				PRODUCT_NAME = "$(TARGET_NAME)";
				SWIFT_EMIT_LOC_STRINGS = NO;
				SWIFT_VERSION = 5.0;
				TARGETED_DEVICE_FAMILY = "1,2";
				TEST_HOST = "$(BUILT_PRODUCTS_DIR)/FlixApp.app/FlixApp";
			};
			name = Debug;
		};
		21AA17E827CD6DF60043A366 /* Release */ = {
			isa = XCBuildConfiguration;
			baseConfigurationReference = 0694DFD36BF310050C336041 /* Pods-FlixAppTests.release.xcconfig */;
			buildSettings = {
				ALWAYS_EMBED_SWIFT_STANDARD_LIBRARIES = YES;
				BUNDLE_LOADER = "$(TEST_HOST)";
				CODE_SIGN_STYLE = Automatic;
				CURRENT_PROJECT_VERSION = 1;
				DEVELOPMENT_TEAM = 439WUGS6KK;
				GENERATE_INFOPLIST_FILE = YES;
				IPHONEOS_DEPLOYMENT_TARGET = 15.0;
				LD_RUNPATH_SEARCH_PATHS = (
					"$(inherited)",
					"@executable_path/Frameworks",
					"@loader_path/Frameworks",
				);
				MARKETING_VERSION = 1.0;
				PRODUCT_BUNDLE_IDENTIFIER = codepath.com.FlixAppTests;
				PRODUCT_NAME = "$(TARGET_NAME)";
				SWIFT_EMIT_LOC_STRINGS = NO;
				SWIFT_VERSION = 5.0;
				TARGETED_DEVICE_FAMILY = "1,2";
				TEST_HOST = "$(BUILT_PRODUCTS_DIR)/FlixApp.app/FlixApp";
			};
			name = Release;
		};
		21AA17EA27CD6DF60043A366 /* Debug */ = {
			isa = XCBuildConfiguration;
			baseConfigurationReference = 188C6E84EC1B16A4F84A02B3 /* Pods-FlixApp-FlixAppUITests.debug.xcconfig */;
			buildSettings = {
				ALWAYS_EMBED_SWIFT_STANDARD_LIBRARIES = YES;
				CODE_SIGN_STYLE = Automatic;
				CURRENT_PROJECT_VERSION = 1;
				DEVELOPMENT_TEAM = 439WUGS6KK;
				GENERATE_INFOPLIST_FILE = YES;
				LD_RUNPATH_SEARCH_PATHS = (
					"$(inherited)",
					"@executable_path/Frameworks",
					"@loader_path/Frameworks",
				);
				MARKETING_VERSION = 1.0;
				PRODUCT_BUNDLE_IDENTIFIER = codepath.com.FlixAppUITests;
				PRODUCT_NAME = "$(TARGET_NAME)";
				SWIFT_EMIT_LOC_STRINGS = NO;
				SWIFT_VERSION = 5.0;
				TARGETED_DEVICE_FAMILY = "1,2";
				TEST_TARGET_NAME = FlixApp;
			};
			name = Debug;
		};
		21AA17EB27CD6DF60043A366 /* Release */ = {
			isa = XCBuildConfiguration;
			baseConfigurationReference = 34EFB89951C915A15DA59AE5 /* Pods-FlixApp-FlixAppUITests.release.xcconfig */;
			buildSettings = {
				ALWAYS_EMBED_SWIFT_STANDARD_LIBRARIES = YES;
				CODE_SIGN_STYLE = Automatic;
				CURRENT_PROJECT_VERSION = 1;
				DEVELOPMENT_TEAM = 439WUGS6KK;
				GENERATE_INFOPLIST_FILE = YES;
				LD_RUNPATH_SEARCH_PATHS = (
					"$(inherited)",
					"@executable_path/Frameworks",
					"@loader_path/Frameworks",
				);
				MARKETING_VERSION = 1.0;
				PRODUCT_BUNDLE_IDENTIFIER = codepath.com.FlixAppUITests;
				PRODUCT_NAME = "$(TARGET_NAME)";
				SWIFT_EMIT_LOC_STRINGS = NO;
				SWIFT_VERSION = 5.0;
				TARGETED_DEVICE_FAMILY = "1,2";
				TEST_TARGET_NAME = FlixApp;
			};
			name = Release;
		};
/* End XCBuildConfiguration section */

/* Begin XCConfigurationList section */
		21AA17B427CD6DF40043A366 /* Build configuration list for PBXProject "FlixApp" */ = {
			isa = XCConfigurationList;
			buildConfigurations = (
				21AA17E127CD6DF60043A366 /* Debug */,
				21AA17E227CD6DF60043A366 /* Release */,
			);
			defaultConfigurationIsVisible = 0;
			defaultConfigurationName = Release;
		};
		21AA17E327CD6DF60043A366 /* Build configuration list for PBXNativeTarget "FlixApp" */ = {
			isa = XCConfigurationList;
			buildConfigurations = (
				21AA17E427CD6DF60043A366 /* Debug */,
				21AA17E527CD6DF60043A366 /* Release */,
			);
			defaultConfigurationIsVisible = 0;
			defaultConfigurationName = Release;
		};
		21AA17E627CD6DF60043A366 /* Build configuration list for PBXNativeTarget "FlixAppTests" */ = {
			isa = XCConfigurationList;
			buildConfigurations = (
				21AA17E727CD6DF60043A366 /* Debug */,
				21AA17E827CD6DF60043A366 /* Release */,
			);
			defaultConfigurationIsVisible = 0;
			defaultConfigurationName = Release;
		};
		21AA17E927CD6DF60043A366 /* Build configuration list for PBXNativeTarget "FlixAppUITests" */ = {
			isa = XCConfigurationList;
			buildConfigurations = (
				21AA17EA27CD6DF60043A366 /* Debug */,
				21AA17EB27CD6DF60043A366 /* Release */,
			);
			defaultConfigurationIsVisible = 0;
			defaultConfigurationName = Release;
		};
/* End XCConfigurationList section */

/* Begin XCRemoteSwiftPackageReference section */
		21AA17EE27CD7AB20043A366 /* XCRemoteSwiftPackageReference "AlamofireImage" */ = {
			isa = XCRemoteSwiftPackageReference;
			repositoryURL = "https://github.com/Alamofire/AlamofireImage";
			requirement = {
				branch = master;
				kind = branch;
			};
		};
/* End XCRemoteSwiftPackageReference section */

/* Begin XCSwiftPackageProductDependency section */
		21AA17EF27CD7AB20043A366 /* AlamofireImage */ = {
			isa = XCSwiftPackageProductDependency;
			package = 21AA17EE27CD7AB20043A366 /* XCRemoteSwiftPackageReference "AlamofireImage" */;
			productName = AlamofireImage;
		};
/* End XCSwiftPackageProductDependency section */
	};
	rootObject = 21AA17B127CD6DF40043A366 /* Project object */;
}
